
Microsoft Visual Studio Solution File, Format Version 12.00
# Visual Studio 15
VisualStudioVersion = 15.0.28010.2048
MinimumVisualStudioVersion = 10.0.40219.1
Project("{FAE04EC0-301F-11D3-BF4B-00C04F79EFBC}") = "AjaxTest", "AjaxTest\AjaxTest.csproj", "{CE759104-2D9F-42B4-8EAB-A3438720798D}"
EndProject
Global
	GlobalSection(SolutionConfigurationPlatforms) = preSolution
		Debug|Any CPU = Debug|Any CPU
		Release|Any CPU = Release|Any CPU
	EndGlobalSection
	GlobalSection(ProjectConfigurationPlatforms) = postSolution
		{CE759104-2D9F-42B4-8EAB-A3438720798D}.Debug|Any CPU.ActiveCfg = Debug|Any CPU
		{CE759104-2D9F-42B4-8EAB-A3438720798D}.Debug|Any CPU.Build.0 = Debug|Any CPU
		{CE759104-2D9F-42B4-8EAB-A3438720798D}.Release|Any CPU.ActiveCfg = Release|Any CPU
		{CE759104-2D9F-42B4-8EAB-A3438720798D}.Release|Any CPU.Build.0 = Release|Any CPU
	EndGlobalSection
	GlobalSection(SolutionProperties) = preSolution
		HideSolutionNode = FALSE
	EndGlobalSection
	GlobalSection(ExtensibilityGlobals) = postSolution
		SolutionGuid = {12AA5816-B3B1-4D70-8EDE-CBF2D396C776}
	EndGlobalSection
EndGlobal
